
Microsoft Visual Studio Solution File, Format Version 12.00
# Visual Studio 2012
Project("{911E67C6-3D85-4FCE-B560-20A9C3E3FF48}") = "Proyecto2", "Proyecto2.exe", "{C2FC4C8B-1B4C-4706-AF7F-D1C0641B5153}"
	ProjectSection(DebuggerProjectSystem) = preProject
		PortSupplier = 00000000-0000-0000-0000-000000000000
		Executable = C:\Users\Mario Andrés\Desktop\PROYECTO 2\Proyecto2.exe
		RemoteMachine = MARIO
		StartingDirectory = C:\Users\Mario Andrés\Desktop\PROYECTO 2
		Environment = Predeterminado
		LaunchingEngine = 00000000-0000-0000-0000-000000000000
		LaunchSQLEngine = No
		AttachLaunchAction = No
	EndProjectSection
EndProject
Global
	GlobalSection(SolutionConfigurationPlatforms) = preSolution
		Debug|x86 = Debug|x86
	EndGlobalSection
	GlobalSection(ProjectConfigurationPlatforms) = postSolution
		{C2FC4C8B-1B4C-4706-AF7F-D1C0641B5153}.Debug|x86.ActiveCfg = Debug|x86
	EndGlobalSection
	GlobalSection(SolutionProperties) = preSolution
		HideSolutionNode = FALSE
	EndGlobalSection
EndGlobal
